
Microsoft Visual Studio Solution File, Format Version 12.00
# Visual Studio Version 17
VisualStudioVersion = 17.2.32505.173
MinimumVisualStudioVersion = 10.0.40219.1
Project("{FAE04EC0-301F-11D3-BF4B-00C04F79EFBC}") = "01_MainSubjects", "01_MainSubjects\01_MainSubjects.csproj", "{8428A9FA-A101-4394-BDD6-DC5C17CA4367}"
EndProject
Project("{FAE04EC0-301F-11D3-BF4B-00C04F79EFBC}") = "02_Variables", "02_Variables\02_Variables.csproj", "{3D114ABA-1DBD-4EF5-BB73-442C67686A02}"
EndProject
Project("{FAE04EC0-301F-11D3-BF4B-00C04F79EFBC}") = "03_MakingDecision", "03_MakingDecision\03_MakingDecision.csproj", "{E9EBF35D-F242-40F4-ADEB-0EFEE6AF9086}"
EndProject
Project("{FAE04EC0-301F-11D3-BF4B-00C04F79EFBC}") = "04_Loops", "04_Loops\04_Loops.csproj", "{FC78441D-055C-40A8-AF9E-1A51702AEB7E}"
EndProject
Project("{FAE04EC0-301F-11D3-BF4B-00C04F79EFBC}") = "05_LoopsWithStars", "05_LoopsWithStars\05_LoopsWithStars.csproj", "{EF44BE1C-5F67-45C5-AB7C-049E2C7A4452}"
EndProject
Project("{FAE04EC0-301F-11D3-BF4B-00C04F79EFBC}") = "06_Arrays", "06_Arrays\06_Arrays.csproj", "{72BF8B0A-CD2F-4A47-98BF-E37A31F8C886}"
EndProject
Project("{FAE04EC0-301F-11D3-BF4B-00C04F79EFBC}") = "07_Foreach", "07_Foreach\07_Foreach.csproj", "{13373512-36E2-4472-A8C7-90D2282F4C08}"
EndProject
Project("{FAE04EC0-301F-11D3-BF4B-00C04F79EFBC}") = "08_Methods", "08_Methods\08_Methods.csproj", "{B812D93C-D542-42D2-BCEA-F5710EE96CA1}"
EndProject
Project("{FAE04EC0-301F-11D3-BF4B-00C04F79EFBC}") = "09_DatabaseProject", "09_DatabaseProject\09_DatabaseProject.csproj", "{14EC5A60-0326-4A9C-B099-7E03A9931E85}"
EndProject
Global
	GlobalSection(SolutionConfigurationPlatforms) = preSolution
		Debug|Any CPU = Debug|Any CPU
		Release|Any CPU = Release|Any CPU
	EndGlobalSection
	GlobalSection(ProjectConfigurationPlatforms) = postSolution
		{8428A9FA-A101-4394-BDD6-DC5C17CA4367}.Debug|Any CPU.ActiveCfg = Debug|Any CPU
		{8428A9FA-A101-4394-BDD6-DC5C17CA4367}.Debug|Any CPU.Build.0 = Debug|Any CPU
		{8428A9FA-A101-4394-BDD6-DC5C17CA4367}.Release|Any CPU.ActiveCfg = Release|Any CPU
		{8428A9FA-A101-4394-BDD6-DC5C17CA4367}.Release|Any CPU.Build.0 = Release|Any CPU
		{3D114ABA-1DBD-4EF5-BB73-442C67686A02}.Debug|Any CPU.ActiveCfg = Debug|Any CPU
		{3D114ABA-1DBD-4EF5-BB73-442C67686A02}.Debug|Any CPU.Build.0 = Debug|Any CPU
		{3D114ABA-1DBD-4EF5-BB73-442C67686A02}.Release|Any CPU.ActiveCfg = Release|Any CPU
		{3D114ABA-1DBD-4EF5-BB73-442C67686A02}.Release|Any CPU.Build.0 = Release|Any CPU
		{E9EBF35D-F242-40F4-ADEB-0EFEE6AF9086}.Debug|Any CPU.ActiveCfg = Debug|Any CPU
		{E9EBF35D-F242-40F4-ADEB-0EFEE6AF9086}.Debug|Any CPU.Build.0 = Debug|Any CPU
		{E9EBF35D-F242-40F4-ADEB-0EFEE6AF9086}.Release|Any CPU.ActiveCfg = Release|Any CPU
		{E9EBF35D-F242-40F4-ADEB-0EFEE6AF9086}.Release|Any CPU.Build.0 = Release|Any CPU
		{FC78441D-055C-40A8-AF9E-1A51702AEB7E}.Debug|Any CPU.ActiveCfg = Debug|Any CPU
		{FC78441D-055C-40A8-AF9E-1A51702AEB7E}.Debug|Any CPU.Build.0 = Debug|Any CPU
		{FC78441D-055C-40A8-AF9E-1A51702AEB7E}.Release|Any CPU.ActiveCfg = Release|Any CPU
		{FC78441D-055C-40A8-AF9E-1A51702AEB7E}.Release|Any CPU.Build.0 = Release|Any CPU
		{EF44BE1C-5F67-45C5-AB7C-049E2C7A4452}.Debug|Any CPU.ActiveCfg = Debug|Any CPU
		{EF44BE1C-5F67-45C5-AB7C-049E2C7A4452}.Debug|Any CPU.Build.0 = Debug|Any CPU
		{EF44BE1C-5F67-45C5-AB7C-049E2C7A4452}.Release|Any CPU.ActiveCfg = Release|Any CPU
		{EF44BE1C-5F67-45C5-AB7C-049E2C7A4452}.Release|Any CPU.Build.0 = Release|Any CPU
		{72BF8B0A-CD2F-4A47-98BF-E37A31F8C886}.Debug|Any CPU.ActiveCfg = Debug|Any CPU
		{72BF8B0A-CD2F-4A47-98BF-E37A31F8C886}.Debug|Any CPU.Build.0 = Debug|Any CPU
		{72BF8B0A-CD2F-4A47-98BF-E37A31F8C886}.Release|Any CPU.ActiveCfg = Release|Any CPU
		{72BF8B0A-CD2F-4A47-98BF-E37A31F8C886}.Release|Any CPU.Build.0 = Release|Any CPU
		{13373512-36E2-4472-A8C7-90D2282F4C08}.Debug|Any CPU.ActiveCfg = Debug|Any CPU
		{13373512-36E2-4472-A8C7-90D2282F4C08}.Debug|Any CPU.Build.0 = Debug|Any CPU
		{13373512-36E2-4472-A8C7-90D2282F4C08}.Release|Any CPU.ActiveCfg = Release|Any CPU
		{13373512-36E2-4472-A8C7-90D2282F4C08}.Release|Any CPU.Build.0 = Release|Any CPU
		{B812D93C-D542-42D2-BCEA-F5710EE96CA1}.Debug|Any CPU.ActiveCfg = Debug|Any CPU
		{B812D93C-D542-42D2-BCEA-F5710EE96CA1}.Debug|Any CPU.Build.0 = Debug|Any CPU
		{B812D93C-D542-42D2-BCEA-F5710EE96CA1}.Release|Any CPU.ActiveCfg = Release|Any CPU
		{B812D93C-D542-42D2-BCEA-F5710EE96CA1}.Release|Any CPU.Build.0 = Release|Any CPU
		{14EC5A60-0326-4A9C-B099-7E03A9931E85}.Debug|Any CPU.ActiveCfg = Debug|Any CPU
		{14EC5A60-0326-4A9C-B099-7E03A9931E85}.Debug|Any CPU.Build.0 = Debug|Any CPU
		{14EC5A60-0326-4A9C-B099-7E03A9931E85}.Release|Any CPU.ActiveCfg = Release|Any CPU
		{14EC5A60-0326-4A9C-B099-7E03A9931E85}.Release|Any CPU.Build.0 = Release|Any CPU
	EndGlobalSection
	GlobalSection(SolutionProperties) = preSolution
		HideSolutionNode = FALSE
	EndGlobalSection
	GlobalSection(ExtensibilityGlobals) = postSolution
		SolutionGuid = {B9B5C539-2B24-45AC-80E8-2BD7204F9044}
	EndGlobalSection
EndGlobal
